// !$*UTF8*$!
{
	archiveVersion = 1;
	classes = {
	};
	objectVersion = 51;
	objects = {

/* Begin PBXBuildFile section */
		1C339D5F5B900FC3888B20DB /* Pods_Seefood.framework in Frameworks */ = {isa = PBXBuildFile; fileRef = EE98D418F617B8BD894B677C /* Pods_Seefood.framework */; };
		E2BFEE8822DF551C00B8820C /* AppDelegate.swift in Sources */ = {isa = PBXBuildFile; fileRef = E2BFEE8722DF551C00B8820C /* AppDelegate.swift */; };
		E2BFEE8A22DF551C00B8820C /* ViewController.swift in Sources */ = {isa = PBXBuildFile; fileRef = E2BFEE8922DF551C00B8820C /* ViewController.swift */; };
		E2BFEE8D22DF551C00B8820C /* Main.storyboard in Resources */ = {isa = PBXBuildFile; fileRef = E2BFEE8B22DF551C00B8820C /* Main.storyboard */; };
		E2BFEE8F22DF551D00B8820C /* Assets.xcassets in Resources */ = {isa = PBXBuildFile; fileRef = E2BFEE8E22DF551D00B8820C /* Assets.xcassets */; };
		E2BFEE9222DF551D00B8820C /* LaunchScreen.storyboard in Resources */ = {isa = PBXBuildFile; fileRef = E2BFEE9022DF551D00B8820C /* LaunchScreen.storyboard */; };
/* End PBXBuildFile section */

/* Begin PBXFileReference section */
		604A5122623C9ACFAEB5C483 /* Pods-Seefood.debug.xcconfig */ = {isa = PBXFileReference; includeInIndex = 1; lastKnownFileType = text.xcconfig; name = "Pods-Seefood.debug.xcconfig"; path = "Target Support Files/Pods-Seefood/Pods-Seefood.debug.xcconfig"; sourceTree = "<group>"; };
		6385A412505777D9392ED438 /* Pods-Seefood.release.xcconfig */ = {isa = PBXFileReference; includeInIndex = 1; lastKnownFileType = text.xcconfig; name = "Pods-Seefood.release.xcconfig"; path = "Target Support Files/Pods-Seefood/Pods-Seefood.release.xcconfig"; sourceTree = "<group>"; };
		E2BFEE8422DF551C00B8820C /* Seefood.app */ = {isa = PBXFileReference; explicitFileType = wrapper.application; includeInIndex = 0; path = Seefood.app; sourceTree = BUILT_PRODUCTS_DIR; };
		E2BFEE8722DF551C00B8820C /* AppDelegate.swift */ = {isa = PBXFileReference; lastKnownFileType = sourcecode.swift; path = AppDelegate.swift; sourceTree = "<group>"; };
		E2BFEE8922DF551C00B8820C /* ViewController.swift */ = {isa = PBXFileReference; lastKnownFileType = sourcecode.swift; path = ViewController.swift; sourceTree = "<group>"; };
		E2BFEE8C22DF551C00B8820C /* Base */ = {isa = PBXFileReference; lastKnownFileType = file.storyboard; name = Base; path = Base.lproj/Main.storyboard; sourceTree = "<group>"; };
		E2BFEE8E22DF551D00B8820C /* Assets.xcassets */ = {isa = PBXFileReference; lastKnownFileType = folder.assetcatalog; path = Assets.xcassets; sourceTree = "<group>"; };
		E2BFEE9122DF551D00B8820C /* Base */ = {isa = PBXFileReference; lastKnownFileType = file.storyboard; name = Base; path = Base.lproj/LaunchScreen.storyboard; sourceTree = "<group>"; };
		E2BFEE9322DF551D00B8820C /* Info.plist */ = {isa = PBXFileReference; lastKnownFileType = text.plist.xml; path = Info.plist; sourceTree = "<group>"; };
		EE98D418F617B8BD894B677C /* Pods_Seefood.framework */ = {isa = PBXFileReference; explicitFileType = wrapper.framework; includeInIndex = 0; path = Pods_Seefood.framework; sourceTree = BUILT_PRODUCTS_DIR; };
/* End PBXFileReference section */

/* Begin PBXFrameworksBuildPhase section */
		E2BFEE8122DF551C00B8820C /* Frameworks */ = {
			isa = PBXFrameworksBuildPhase;
			buildActionMask = 2147483647;
			files = (
				1C339D5F5B900FC3888B20DB /* Pods_Seefood.framework in Frameworks */,
			);
			runOnlyForDeploymentPostprocessing = 0;
		};
/* End PBXFrameworksBuildPhase section */

/* Begin PBXGroup section */
		6B5E2ECC6E43CEEF75336B80 /* Pods */ = {
			isa = PBXGroup;
			children = (
				604A5122623C9ACFAEB5C483 /* Pods-Seefood.debug.xcconfig */,
				6385A412505777D9392ED438 /* Pods-Seefood.release.xcconfig */,
			);
			path = Pods;
			sourceTree = "<group>";
		};
		C64C1C8AA73CC2B35A6D0475 /* Frameworks */ = {
			isa = PBXGroup;
			children = (
				EE98D418F617B8BD894B677C /* Pods_Seefood.framework */,
			);
			name = Frameworks;
			sourceTree = "<group>";
		};
		E2BFEE7B22DF551C00B8820C = {
			isa = PBXGroup;
			children = (
				E2BFEE8622DF551C00B8820C /* Seefood */,
				E2BFEE8522DF551C00B8820C /* Products */,
				6B5E2ECC6E43CEEF75336B80 /* Pods */,
				C64C1C8AA73CC2B35A6D0475 /* Frameworks */,
			);
			sourceTree = "<group>";
		};
		E2BFEE8522DF551C00B8820C /* Products */ = {
			isa = PBXGroup;
			children = (
				E2BFEE8422DF551C00B8820C /* Seefood.app */,
			);
			name = Products;
			sourceTree = "<group>";
		};
		E2BFEE8622DF551C00B8820C /* Seefood */ = {
			isa = PBXGroup;
			children = (
				E2BFEE8722DF551C00B8820C /* AppDelegate.swift */,
				E2BFEE8922DF551C00B8820C /* ViewController.swift */,
				E2BFEE8B22DF551C00B8820C /* Main.storyboard */,
				E2BFEE8E22DF551D00B8820C /* Assets.xcassets */,
				E2BFEE9022DF551D00B8820C /* LaunchScreen.storyboard */,
				E2BFEE9322DF551D00B8820C /* Info.plist */,
			);
			path = Seefood;
			sourceTree = "<group>";
		};
/* End PBXGroup section */

/* Begin PBXNativeTarget section */
		E2BFEE8322DF551C00B8820C /* Seefood */ = {
			isa = PBXNativeTarget;
			buildConfigurationList = E2BFEE9622DF551D00B8820C /* Build configuration list for PBXNativeTarget "Seefood" */;
			buildPhases = (
				E9A11795F93C40261B78257D /* [CP] Check Pods Manifest.lock */,
				E2BFEE8022DF551C00B8820C /* Sources */,
				E2BFEE8122DF551C00B8820C /* Frameworks */,
				E2BFEE8222DF551C00B8820C /* Resources */,
				DB541DD8C7BEF9A9A748F271 /* [CP] Embed Pods Frameworks */,
			);
			buildRules = (
			);
			dependencies = (
			);
			name = Seefood;
			productName = Seefood;
			productReference = E2BFEE8422DF551C00B8820C /* Seefood.app */;
			productType = "com.apple.product-type.application";
		};
/* End PBXNativeTarget section */

/* Begin PBXProject section */
		E2BFEE7C22DF551C00B8820C /* Project object */ = {
			isa = PBXProject;
			attributes = {
				LastSwiftUpdateCheck = 1020;
				LastUpgradeCheck = 1020;
				ORGANIZATIONNAME = "Jules Lee";
				TargetAttributes = {
					E2BFEE8322DF551C00B8820C = {
						CreatedOnToolsVersion = 10.2.1;
					};
				};
			};
			buildConfigurationList = E2BFEE7F22DF551C00B8820C /* Build configuration list for PBXProject "Seefood" */;
			compatibilityVersion = "Xcode 9.3";
			developmentRegion = en;
			hasScannedForEncodings = 0;
			knownRegions = (
				en,
				Base,
			);
			mainGroup = E2BFEE7B22DF551C00B8820C;
			productRefGroup = E2BFEE8522DF551C00B8820C /* Products */;
			projectDirPath = "";
			projectRoot = "";
			targets = (
				E2BFEE8322DF551C00B8820C /* Seefood */,
			);
		};
/* End PBXProject section */

/* Begin PBXResourcesBuildPhase section */
		E2BFEE8222DF551C00B8820C /* Resources */ = {
			isa = PBXResourcesBuildPhase;
			buildActionMask = 2147483647;
			files = (
				E2BFEE9222DF551D00B8820C /* LaunchScreen.storyboard in Resources */,
				E2BFEE8F22DF551D00B8820C /* Assets.xcassets in Resources */,
				E2BFEE8D22DF551C00B8820C /* Main.storyboard in Resources */,
			);
			runOnlyForDeploymentPostprocessing = 0;
		};
/* End PBXResourcesBuildPhase section */

/* Begin PBXShellScriptBuildPhase section */
		DB541DD8C7BEF9A9A748F271 /* [CP] Embed Pods Frameworks */ = {
			isa = PBXShellScriptBuildPhase;
			buildActionMask = 2147483647;
			files = (
			);
			inputFileListPaths = (
				"${PODS_ROOT}/Target Support Files/Pods-Seefood/Pods-Seefood-frameworks-${CONFIGURATION}-input-files.xcfilelist",
			);
			name = "[CP] Embed Pods Frameworks";
			outputFileListPaths = (
				"${PODS_ROOT}/Target Support Files/Pods-Seefood/Pods-Seefood-frameworks-${CONFIGURATION}-output-files.xcfilelist",
			);
			runOnlyForDeploymentPostprocessing = 0;
			shellPath = /bin/sh;
			shellScript = "\"${PODS_ROOT}/Target Support Files/Pods-Seefood/Pods-Seefood-frameworks.sh\"\n";
			showEnvVarsInLog = 0;
		};
		E9A11795F93C40261B78257D /* [CP] Check Pods Manifest.lock */ = {
			isa = PBXShellScriptBuildPhase;
			buildActionMask = 2147483647;
			files = (
			);
			inputFileListPaths = (
			);
			inputPaths = (
				"${PODS_PODFILE_DIR_PATH}/Podfile.lock",
				"${PODS_ROOT}/Manifest.lock",
			);
			name = "[CP] Check Pods Manifest.lock";
			outputFileListPaths = (
			);
			outputPaths = (
				"$(DERIVED_FILE_DIR)/Pods-Seefood-checkManifestLockResult.txt",
			);
			runOnlyForDeploymentPostprocessing = 0;
			shellPath = /bin/sh;
			shellScript = "diff \"${PODS_PODFILE_DIR_PATH}/Podfile.lock\" \"${PODS_ROOT}/Manifest.lock\" > /dev/null\nif [ $? != 0 ] ; then\n    # print error to STDERR\n    echo \"error: The sandbox is not in sync with the Podfile.lock. Run 'pod install' or update your CocoaPods installation.\" >&2\n    exit 1\nfi\n# This output is used by Xcode 'outputs' to avoid re-running this script phase.\necho \"SUCCESS\" > \"${SCRIPT_OUTPUT_FILE_0}\"\n";
			showEnvVarsInLog = 0;
		};
/* End PBXShellScriptBuildPhase section */

/* Begin PBXSourcesBuildPhase section */
		E2BFEE8022DF551C00B8820C /* Sources */ = {
			isa = PBXSourcesBuildPhase;
			buildActionMask = 2147483647;
			files = (
				E2BFEE8A22DF551C00B8820C /* ViewController.swift in Sources */,
				E2BFEE8822DF551C00B8820C /* AppDelegate.swift in Sources */,
			);
			runOnlyForDeploymentPostprocessing = 0;
		};
/* End PBXSourcesBuildPhase section */

/* Begin PBXVariantGroup section */
		E2BFEE8B22DF551C00B8820C /* Main.storyboard */ = {
			isa = PBXVariantGroup;
			children = (
				E2BFEE8C22DF551C00B8820C /* Base */,
			);
			name = Main.storyboard;
			sourceTree = "<group>";
		};
		E2BFEE9022DF551D00B8820C /* LaunchScreen.storyboard */ = {
			isa = PBXVariantGroup;
			children = (
				E2BFEE9122DF551D00B8820C /* Base */,
			);
			name = LaunchScreen.storyboard;
			sourceTree = "<group>";
		};
/* End PBXVariantGroup section */

/* Begin XCBuildConfiguration section */
		E2BFEE9422DF551D00B8820C /* Debug */ = {
			isa = XCBuildConfiguration;
			buildSettings = {
				ALWAYS_SEARCH_USER_PATHS = NO;
				CLANG_ANALYZER_NONNULL = YES;
				CLANG_ANALYZER_NUMBER_OBJECT_CONVERSION = YES_AGGRESSIVE;
				CLANG_CXX_LANGUAGE_STANDARD = "gnu++14";
				CLANG_CXX_LIBRARY = "libc++";
				CLANG_ENABLE_MODULES = YES;
				CLANG_ENABLE_OBJC_ARC = YES;
				CLANG_ENABLE_OBJC_WEAK = YES;
				CLANG_WARN_BLOCK_CAPTURE_AUTORELEASING = YES;
				CLANG_WARN_BOOL_CONVERSION = YES;
				CLANG_WARN_COMMA = YES;
				CLANG_WARN_CONSTANT_CONVERSION = YES;
				CLANG_WARN_DEPRECATED_OBJC_IMPLEMENTATIONS = YES;
				CLANG_WARN_DIRECT_OBJC_ISA_USAGE = YES_ERROR;
				CLANG_WARN_DOCUMENTATION_COMMENTS = YES;
				CLANG_WARN_EMPTY_BODY = YES;
				CLANG_WARN_ENUM_CONVERSION = YES;
				CLANG_WARN_INFINITE_RECURSION = YES;
				CLANG_WARN_INT_CONVERSION = YES;
				CLANG_WARN_NON_LITERAL_NULL_CONVERSION = YES;
				CLANG_WARN_OBJC_IMPLICIT_RETAIN_SELF = YES;
				CLANG_WARN_OBJC_LITERAL_CONVERSION = YES;
				CLANG_WARN_OBJC_ROOT_CLASS = YES_ERROR;
				CLANG_WARN_RANGE_LOOP_ANALYSIS = YES;
				CLANG_WARN_STRICT_PROTOTYPES = YES;
				CLANG_WARN_SUSPICIOUS_MOVE = YES;
				CLANG_WARN_UNGUARDED_AVAILABILITY = YES_AGGRESSIVE;
				CLANG_WARN_UNREACHABLE_CODE = YES;
				CLANG_WARN__DUPLICATE_METHOD_MATCH = YES;
				CODE_SIGN_IDENTITY = "iPhone Developer";
				COPY_PHASE_STRIP = NO;
				DEBUG_INFORMATION_FORMAT = dwarf;
				ENABLE_STRICT_OBJC_MSGSEND = YES;
				ENABLE_TESTABILITY = YES;
				GCC_C_LANGUAGE_STANDARD = gnu11;
				GCC_DYNAMIC_NO_PIC = NO;
				GCC_NO_COMMON_BLOCKS = YES;
				GCC_OPTIMIZATION_LEVEL = 0;
				GCC_PREPROCESSOR_DEFINITIONS = (
					"DEBUG=1",
					"$(inherited)",
				);
				GCC_WARN_64_TO_32_BIT_CONVERSION = YES;
				GCC_WARN_ABOUT_RETURN_TYPE = YES_ERROR;
				GCC_WARN_UNDECLARED_SELECTOR = YES;
				GCC_WARN_UNINITIALIZED_AUTOS = YES_AGGRESSIVE;
				GCC_WARN_UNUSED_FUNCTION = YES;
				GCC_WARN_UNUSED_VARIABLE = YES;
				IPHONEOS_DEPLOYMENT_TARGET = 12.2;
				MTL_ENABLE_DEBUG_INFO = INCLUDE_SOURCE;
				MTL_FAST_MATH = YES;
				ONLY_ACTIVE_ARCH = YES;
				SDKROOT = iphoneos;
				SWIFT_ACTIVE_COMPILATION_CONDITIONS = DEBUG;
				SWIFT_OPTIMIZATION_LEVEL = "-Onone";
			};
			name = Debug;
		};
		E2BFEE9522DF551D00B8820C /* Release */ = {
			isa = XCBuildConfiguration;
			buildSettings = {
				ALWAYS_SEARCH_USER_PATHS = NO;
				CLANG_ANALYZER_NONNULL = YES;
				CLANG_ANALYZER_NUMBER_OBJECT_CONVERSION = YES_AGGRESSIVE;
				CLANG_CXX_LANGUAGE_STANDARD = "gnu++14";
				CLANG_CXX_LIBRARY = "libc++";
				CLANG_ENABLE_MODULES = YES;
				CLANG_ENABLE_OBJC_ARC = YES;
				CLANG_ENABLE_OBJC_WEAK = YES;
				CLANG_WARN_BLOCK_CAPTURE_AUTORELEASING = YES;
				CLANG_WARN_BOOL_CONVERSION = YES;
				CLANG_WARN_COMMA = YES;
				CLANG_WARN_CONSTANT_CONVERSION = YES;
				CLANG_WARN_DEPRECATED_OBJC_IMPLEMENTATIONS = YES;
				CLANG_WARN_DIRECT_OBJC_ISA_USAGE = YES_ERROR;
				CLANG_WARN_DOCUMENTATION_COMMENTS = YES;
				CLANG_WARN_EMPTY_BODY = YES;
				CLANG_WARN_ENUM_CONVERSION = YES;
				CLANG_WARN_INFINITE_RECURSION = YES;
				CLANG_WARN_INT_CONVERSION = YES;
				CLANG_WARN_NON_LITERAL_NULL_CONVERSION = YES;
				CLANG_WARN_OBJC_IMPLICIT_RETAIN_SELF = YES;
				CLANG_WARN_OBJC_LITERAL_CONVERSION = YES;
				CLANG_WARN_OBJC_ROOT_CLASS = YES_ERROR;
				CLANG_WARN_RANGE_LOOP_ANALYSIS = YES;
				CLANG_WARN_STRICT_PROTOTYPES = YES;
				CLANG_WARN_SUSPICIOUS_MOVE = YES;
				CLANG_WARN_UNGUARDED_AVAILABILITY = YES_AGGRESSIVE;
				CLANG_WARN_UNREACHABLE_CODE = YES;
				CLANG_WARN__DUPLICATE_METHOD_MATCH = YES;
				CODE_SIGN_IDENTITY = "iPhone Developer";
				COPY_PHASE_STRIP = NO;
				DEBUG_INFORMATION_FORMAT = "dwarf-with-dsym";
				ENABLE_NS_ASSERTIONS = NO;
				ENABLE_STRICT_OBJC_MSGSEND = YES;
				GCC_C_LANGUAGE_STANDARD = gnu11;
				GCC_NO_COMMON_BLOCKS = YES;
				GCC_WARN_64_TO_32_BIT_CONVERSION = YES;
				GCC_WARN_ABOUT_RETURN_TYPE = YES_ERROR;
				GCC_WARN_UNDECLARED_SELECTOR = YES;
				GCC_WARN_UNINITIALIZED_AUTOS = YES_AGGRESSIVE;
				GCC_WARN_UNUSED_FUNCTION = YES;
				GCC_WARN_UNUSED_VARIABLE = YES;
				IPHONEOS_DEPLOYMENT_TARGET = 12.2;
				MTL_ENABLE_DEBUG_INFO = NO;
				MTL_FAST_MATH = YES;
				SDKROOT = iphoneos;
				SWIFT_COMPILATION_MODE = wholemodule;
				SWIFT_OPTIMIZATION_LEVEL = "-O";
				VALIDATE_PRODUCT = YES;
			};
			name = Release;
		};
		E2BFEE9722DF551D00B8820C /* Debug */ = {
			isa = XCBuildConfiguration;
			baseConfigurationReference = 604A5122623C9ACFAEB5C483 /* Pods-Seefood.debug.xcconfig */;
			buildSettings = {
				ASSETCATALOG_COMPILER_APPICON_NAME = AppIcon;
				CODE_SIGN_STYLE = Automatic;
				DEVELOPMENT_TEAM = ZPFY37265E;
				INFOPLIST_FILE = Seefood/Info.plist;
				LD_RUNPATH_SEARCH_PATHS = (
					"$(inherited)",
					"@executable_path/Frameworks",
				);
				PRODUCT_BUNDLE_IDENTIFIER = com.chinilaw.Seefood;
				PRODUCT_NAME = "$(TARGET_NAME)";
				SWIFT_VERSION = 5.0;
				TARGETED_DEVICE_FAMILY = "1,2";
			};
			name = Debug;
		};
		E2BFEE9822DF551D00B8820C /* Release */ = {
			isa = XCBuildConfiguration;
			baseConfigurationReference = 6385A412505777D9392ED438 /* Pods-Seefood.release.xcconfig */;
			buildSettings = {
				ASSETCATALOG_COMPILER_APPICON_NAME = AppIcon;
				CODE_SIGN_STYLE = Automatic;
				DEVELOPMENT_TEAM = ZPFY37265E;
				INFOPLIST_FILE = Seefood/Info.plist;
				LD_RUNPATH_SEARCH_PATHS = (
					"$(inherited)",
					"@executable_path/Frameworks",
				);
				PRODUCT_BUNDLE_IDENTIFIER = com.chinilaw.Seefood;
				PRODUCT_NAME = "$(TARGET_NAME)";
				SWIFT_VERSION = 5.0;
				TARGETED_DEVICE_FAMILY = "1,2";
			};
			name = Release;
		};
/* End XCBuildConfiguration section */

/* Begin XCConfigurationList section */
		E2BFEE7F22DF551C00B8820C /* Build configuration list for PBXProject "Seefood" */ = {
			isa = XCConfigurationList;
			buildConfigurations = (
				E2BFEE9422DF551D00B8820C /* Debug */,
				E2BFEE9522DF551D00B8820C /* Release */,
			);
			defaultConfigurationIsVisible = 0;
			defaultConfigurationName = Release;
		};
		E2BFEE9622DF551D00B8820C /* Build configuration list for PBXNativeTarget "Seefood" */ = {
			isa = XCConfigurationList;
			buildConfigurations = (
				E2BFEE9722DF551D00B8820C /* Debug */,
				E2BFEE9822DF551D00B8820C /* Release */,
			);
			defaultConfigurationIsVisible = 0;
			defaultConfigurationName = Release;
		};
/* End XCConfigurationList section */
	};
	rootObject = E2BFEE7C22DF551C00B8820C /* Project object */;
}
